
Microsoft Visual Studio Solution File, Format Version 12.00
# Visual Studio 15
VisualStudioVersion = 15.0.27004.2009
MinimumVisualStudioVersion = 10.0.40219.1
Project("{2150E333-8FDC-42A3-9474-1A3956D46DE8}") = "Presentation", "Presentation", "{541EB18E-1385-4EA2-ABD5-3DE43D0E6621}"
EndProject
Project("{2150E333-8FDC-42A3-9474-1A3956D46DE8}") = "Business", "Business", "{DE545AE6-BBD0-4B15-9008-5C69953EE7A7}"
EndProject
Project("{2150E333-8FDC-42A3-9474-1A3956D46DE8}") = "DataAccess", "DataAccess", "{4029D254-6031-461B-B91E-D47BA8F68475}"
EndProject
Project("{9A19103F-16F7-4668-BE54-9A1E7A4F7556}") = "Repository", "Repository\Repository.csproj", "{D6AF3998-EF9C-465E-A156-79C139277497}"
EndProject
Project("{9A19103F-16F7-4668-BE54-9A1E7A4F7556}") = "IBusiness", "IBusiness\IBusiness.csproj", "{C9990619-6E97-4A9A-BDF3-48F9BB6528BE}"
EndProject
Project("{9A19103F-16F7-4668-BE54-9A1E7A4F7556}") = "Business", "Business\Business.csproj", "{5339C867-45B5-4D10-B4A4-205894308E96}"
EndProject
Project("{9A19103F-16F7-4668-BE54-9A1E7A4F7556}") = "IRepository", "IRepository\IRepository.csproj", "{0DD7BAE2-1ABF-41C1-9F00-8E599EE3ADA0}"
EndProject
Project("{9A19103F-16F7-4668-BE54-9A1E7A4F7556}") = "Repository.Entities", "RepositoryEntities\Repository.Entities.csproj", "{527E048E-AE63-4F9E-B784-ECA302365C72}"
EndProject
Project("{9A19103F-16F7-4668-BE54-9A1E7A4F7556}") = "Business.Entities", "Business.Entities\Business.Entities.csproj", "{10BB960D-51A5-4725-AE0D-540D13A055C3}"
EndProject
Project("{2150E333-8FDC-42A3-9474-1A3956D46DE8}") = "Common", "Common", "{6CB7A000-4ECE-49B6-AC48-3B623C8CEB76}"
EndProject
Project("{9A19103F-16F7-4668-BE54-9A1E7A4F7556}") = "Common", "Common\Common.csproj", "{48D66A49-0BC2-4ABF-A060-A426380F2512}"
EndProject
Project("{2150E333-8FDC-42A3-9474-1A3956D46DE8}") = "UnitTest", "UnitTest", "{62D67B80-EA43-4C58-B88F-8BB8ED39A39C}"
EndProject
Project("{9A19103F-16F7-4668-BE54-9A1E7A4F7556}") = "UnitTests", "UnitTests\UnitTests.csproj", "{5CCB11C2-CBBF-4798-949D-D528ABF9697C}"
EndProject
Project("{9A19103F-16F7-4668-BE54-9A1E7A4F7556}") = "Web", "Web\Web.csproj", "{F10165FD-AC8C-499F-8B02-250C8D0F12D7}"
EndProject
Project("{2150E333-8FDC-42A3-9474-1A3956D46DE8}") = "Service", "Service", "{13EDAD50-2D12-435A-B107-174D0FAB0BC6}"
EndProject
Project("{FAE04EC0-301F-11D3-BF4B-00C04F79EFBC}") = "P.Service", "P.Service\P.Service.csproj", "{A1A3E65C-ABF0-434B-B4DC-2BF6D0F3E4E4}"
EndProject
Global
	GlobalSection(SolutionConfigurationPlatforms) = preSolution
		Debug|Any CPU = Debug|Any CPU
		Release|Any CPU = Release|Any CPU
	EndGlobalSection
	GlobalSection(ProjectConfigurationPlatforms) = postSolution
		{D6AF3998-EF9C-465E-A156-79C139277497}.Debug|Any CPU.ActiveCfg = Debug|Any CPU
		{D6AF3998-EF9C-465E-A156-79C139277497}.Debug|Any CPU.Build.0 = Debug|Any CPU
		{D6AF3998-EF9C-465E-A156-79C139277497}.Release|Any CPU.ActiveCfg = Release|Any CPU
		{D6AF3998-EF9C-465E-A156-79C139277497}.Release|Any CPU.Build.0 = Release|Any CPU
		{C9990619-6E97-4A9A-BDF3-48F9BB6528BE}.Debug|Any CPU.ActiveCfg = Debug|Any CPU
		{C9990619-6E97-4A9A-BDF3-48F9BB6528BE}.Debug|Any CPU.Build.0 = Debug|Any CPU
		{C9990619-6E97-4A9A-BDF3-48F9BB6528BE}.Release|Any CPU.ActiveCfg = Release|Any CPU
		{C9990619-6E97-4A9A-BDF3-48F9BB6528BE}.Release|Any CPU.Build.0 = Release|Any CPU
		{5339C867-45B5-4D10-B4A4-205894308E96}.Debug|Any CPU.ActiveCfg = Debug|Any CPU
		{5339C867-45B5-4D10-B4A4-205894308E96}.Debug|Any CPU.Build.0 = Debug|Any CPU
		{5339C867-45B5-4D10-B4A4-205894308E96}.Release|Any CPU.ActiveCfg = Release|Any CPU
		{5339C867-45B5-4D10-B4A4-205894308E96}.Release|Any CPU.Build.0 = Release|Any CPU
		{0DD7BAE2-1ABF-41C1-9F00-8E599EE3ADA0}.Debug|Any CPU.ActiveCfg = Debug|Any CPU
		{0DD7BAE2-1ABF-41C1-9F00-8E599EE3ADA0}.Debug|Any CPU.Build.0 = Debug|Any CPU
		{0DD7BAE2-1ABF-41C1-9F00-8E599EE3ADA0}.Release|Any CPU.ActiveCfg = Release|Any CPU
		{0DD7BAE2-1ABF-41C1-9F00-8E599EE3ADA0}.Release|Any CPU.Build.0 = Release|Any CPU
		{527E048E-AE63-4F9E-B784-ECA302365C72}.Debug|Any CPU.ActiveCfg = Debug|Any CPU
		{527E048E-AE63-4F9E-B784-ECA302365C72}.Debug|Any CPU.Build.0 = Debug|Any CPU
		{527E048E-AE63-4F9E-B784-ECA302365C72}.Release|Any CPU.ActiveCfg = Release|Any CPU
		{527E048E-AE63-4F9E-B784-ECA302365C72}.Release|Any CPU.Build.0 = Release|Any CPU
		{10BB960D-51A5-4725-AE0D-540D13A055C3}.Debug|Any CPU.ActiveCfg = Debug|Any CPU
		{10BB960D-51A5-4725-AE0D-540D13A055C3}.Debug|Any CPU.Build.0 = Debug|Any CPU
		{10BB960D-51A5-4725-AE0D-540D13A055C3}.Release|Any CPU.ActiveCfg = Release|Any CPU
		{10BB960D-51A5-4725-AE0D-540D13A055C3}.Release|Any CPU.Build.0 = Release|Any CPU
		{48D66A49-0BC2-4ABF-A060-A426380F2512}.Debug|Any CPU.ActiveCfg = Debug|Any CPU
		{48D66A49-0BC2-4ABF-A060-A426380F2512}.Debug|Any CPU.Build.0 = Debug|Any CPU
		{48D66A49-0BC2-4ABF-A060-A426380F2512}.Release|Any CPU.ActiveCfg = Release|Any CPU
		{48D66A49-0BC2-4ABF-A060-A426380F2512}.Release|Any CPU.Build.0 = Release|Any CPU
		{5CCB11C2-CBBF-4798-949D-D528ABF9697C}.Debug|Any CPU.ActiveCfg = Debug|Any CPU
		{5CCB11C2-CBBF-4798-949D-D528ABF9697C}.Debug|Any CPU.Build.0 = Debug|Any CPU
		{5CCB11C2-CBBF-4798-949D-D528ABF9697C}.Release|Any CPU.ActiveCfg = Release|Any CPU
		{5CCB11C2-CBBF-4798-949D-D528ABF9697C}.Release|Any CPU.Build.0 = Release|Any CPU
		{F10165FD-AC8C-499F-8B02-250C8D0F12D7}.Debug|Any CPU.ActiveCfg = Debug|Any CPU
		{F10165FD-AC8C-499F-8B02-250C8D0F12D7}.Debug|Any CPU.Build.0 = Debug|Any CPU
		{F10165FD-AC8C-499F-8B02-250C8D0F12D7}.Release|Any CPU.ActiveCfg = Release|Any CPU
		{F10165FD-AC8C-499F-8B02-250C8D0F12D7}.Release|Any CPU.Build.0 = Release|Any CPU
		{A1A3E65C-ABF0-434B-B4DC-2BF6D0F3E4E4}.Debug|Any CPU.ActiveCfg = Debug|Any CPU
		{A1A3E65C-ABF0-434B-B4DC-2BF6D0F3E4E4}.Debug|Any CPU.Build.0 = Debug|Any CPU
		{A1A3E65C-ABF0-434B-B4DC-2BF6D0F3E4E4}.Release|Any CPU.ActiveCfg = Release|Any CPU
		{A1A3E65C-ABF0-434B-B4DC-2BF6D0F3E4E4}.Release|Any CPU.Build.0 = Release|Any CPU
	EndGlobalSection
	GlobalSection(SolutionProperties) = preSolution
		HideSolutionNode = FALSE
	EndGlobalSection
	GlobalSection(NestedProjects) = preSolution
		{D6AF3998-EF9C-465E-A156-79C139277497} = {4029D254-6031-461B-B91E-D47BA8F68475}
		{C9990619-6E97-4A9A-BDF3-48F9BB6528BE} = {DE545AE6-BBD0-4B15-9008-5C69953EE7A7}
		{5339C867-45B5-4D10-B4A4-205894308E96} = {DE545AE6-BBD0-4B15-9008-5C69953EE7A7}
		{0DD7BAE2-1ABF-41C1-9F00-8E599EE3ADA0} = {4029D254-6031-461B-B91E-D47BA8F68475}
		{527E048E-AE63-4F9E-B784-ECA302365C72} = {4029D254-6031-461B-B91E-D47BA8F68475}
		{10BB960D-51A5-4725-AE0D-540D13A055C3} = {DE545AE6-BBD0-4B15-9008-5C69953EE7A7}
		{48D66A49-0BC2-4ABF-A060-A426380F2512} = {6CB7A000-4ECE-49B6-AC48-3B623C8CEB76}
		{5CCB11C2-CBBF-4798-949D-D528ABF9697C} = {62D67B80-EA43-4C58-B88F-8BB8ED39A39C}
		{F10165FD-AC8C-499F-8B02-250C8D0F12D7} = {541EB18E-1385-4EA2-ABD5-3DE43D0E6621}
		{A1A3E65C-ABF0-434B-B4DC-2BF6D0F3E4E4} = {13EDAD50-2D12-435A-B107-174D0FAB0BC6}
	EndGlobalSection
	GlobalSection(ExtensibilityGlobals) = postSolution
		SolutionGuid = {A8D03BDB-FF17-4CED-88E4-575BFF7AB922}
	EndGlobalSection
EndGlobal
